
Microsoft Visual Studio Solution File, Format Version 12.00
# Visual Studio 15
VisualStudioVersion = 15.0.27004.2009
MinimumVisualStudioVersion = 10.0.40219.1
Project("{9A19103F-16F7-4668-BE54-9A1E7A4F7556}") = "JWTSample", "JWTSample\JWTSample.csproj", "{09BD85F2-EE1C-45F7-A97D-EB0696551373}"
EndProject
Project("{FAE04EC0-301F-11D3-BF4B-00C04F79EFBC}") = "DataAccessLayer", "Data Access Layer\DataAccessLayer.csproj", "{4FB90DFC-54C4-4CFB-BEFA-4F2A3CEB85C2}"
EndProject
Global
	GlobalSection(SolutionConfigurationPlatforms) = preSolution
		Debug|Any CPU = Debug|Any CPU
		Release|Any CPU = Release|Any CPU
	EndGlobalSection
	GlobalSection(ProjectConfigurationPlatforms) = postSolution
		{09BD85F2-EE1C-45F7-A97D-EB0696551373}.Debug|Any CPU.ActiveCfg = Debug|Any CPU
		{09BD85F2-EE1C-45F7-A97D-EB0696551373}.Debug|Any CPU.Build.0 = Debug|Any CPU
		{09BD85F2-EE1C-45F7-A97D-EB0696551373}.Release|Any CPU.ActiveCfg = Release|Any CPU
		{09BD85F2-EE1C-45F7-A97D-EB0696551373}.Release|Any CPU.Build.0 = Release|Any CPU
		{4FB90DFC-54C4-4CFB-BEFA-4F2A3CEB85C2}.Debug|Any CPU.ActiveCfg = Debug|Any CPU
		{4FB90DFC-54C4-4CFB-BEFA-4F2A3CEB85C2}.Debug|Any CPU.Build.0 = Debug|Any CPU
		{4FB90DFC-54C4-4CFB-BEFA-4F2A3CEB85C2}.Release|Any CPU.ActiveCfg = Release|Any CPU
		{4FB90DFC-54C4-4CFB-BEFA-4F2A3CEB85C2}.Release|Any CPU.Build.0 = Release|Any CPU
	EndGlobalSection
	GlobalSection(SolutionProperties) = preSolution
		HideSolutionNode = FALSE
	EndGlobalSection
	GlobalSection(ExtensibilityGlobals) = postSolution
		SolutionGuid = {3F909F58-2365-44A7-9F85-AA17E0A01847}
	EndGlobalSection
EndGlobal
